
Microsoft Visual Studio Solution File, Format Version 12.00
# Visual Studio Version 16
VisualStudioVersion = 16.0.31129.286
MinimumVisualStudioVersion = 10.0.40219.1
Project("{9A19103F-16F7-4668-BE54-9A1E7A4F7556}") = "InterviewTest", "InterviewTest\InterviewTest.csproj", "{55147F42-7648-4207-836F-CD7DC516C9D6}"
EndProject
Project("{9A19103F-16F7-4668-BE54-9A1E7A4F7556}") = "InterviewTest.xUnit", "InterviewTest.xUnit\InterviewTest.xUnit.csproj", "{21459BC6-42B7-44A9-A6A1-14E9E186AE4D}"
EndProject
Project("{FAE04EC0-301F-11D3-BF4B-00C04F79EFBC}") = "FizzBuzz", "FizzBuzz\FizzBuzz.csproj", "{410B4FF3-4EEB-4703-A4B3-3EEA2D5EE89B}"
EndProject
Global
	GlobalSection(SolutionConfigurationPlatforms) = preSolution
		Debug|Any CPU = Debug|Any CPU
		Release|Any CPU = Release|Any CPU
	EndGlobalSection
	GlobalSection(ProjectConfigurationPlatforms) = postSolution
		{55147F42-7648-4207-836F-CD7DC516C9D6}.Debug|Any CPU.ActiveCfg = Debug|Any CPU
		{55147F42-7648-4207-836F-CD7DC516C9D6}.Debug|Any CPU.Build.0 = Debug|Any CPU
		{55147F42-7648-4207-836F-CD7DC516C9D6}.Release|Any CPU.ActiveCfg = Release|Any CPU
		{55147F42-7648-4207-836F-CD7DC516C9D6}.Release|Any CPU.Build.0 = Release|Any CPU
		{21459BC6-42B7-44A9-A6A1-14E9E186AE4D}.Debug|Any CPU.ActiveCfg = Debug|Any CPU
		{21459BC6-42B7-44A9-A6A1-14E9E186AE4D}.Debug|Any CPU.Build.0 = Debug|Any CPU
		{21459BC6-42B7-44A9-A6A1-14E9E186AE4D}.Release|Any CPU.ActiveCfg = Release|Any CPU
		{21459BC6-42B7-44A9-A6A1-14E9E186AE4D}.Release|Any CPU.Build.0 = Release|Any CPU
		{410B4FF3-4EEB-4703-A4B3-3EEA2D5EE89B}.Debug|Any CPU.ActiveCfg = Debug|Any CPU
		{410B4FF3-4EEB-4703-A4B3-3EEA2D5EE89B}.Debug|Any CPU.Build.0 = Debug|Any CPU
		{410B4FF3-4EEB-4703-A4B3-3EEA2D5EE89B}.Release|Any CPU.ActiveCfg = Release|Any CPU
		{410B4FF3-4EEB-4703-A4B3-3EEA2D5EE89B}.Release|Any CPU.Build.0 = Release|Any CPU
	EndGlobalSection
	GlobalSection(SolutionProperties) = preSolution
		HideSolutionNode = FALSE
	EndGlobalSection
	GlobalSection(ExtensibilityGlobals) = postSolution
		SolutionGuid = {34E03508-2902-484E-A7CE-96747A9C3E6F}
	EndGlobalSection
EndGlobal
